
Microsoft Visual Studio Solution File, Format Version 12.00
# Visual Studio Version 16
VisualStudioVersion = 16.0.32510.428
MinimumVisualStudioVersion = 10.0.40219.1
Project("{FAE04EC0-301F-11D3-BF4B-00C04F79EFBC}") = "CheckersGame", "CheckersGame.csproj", "{6E776075-5B8B-405A-B6D9-35AAE6321624}"
EndProject
Global
	GlobalSection(SolutionConfigurationPlatforms) = preSolution
		Debug|Any CPU = Debug|Any CPU
		Release|Any CPU = Release|Any CPU
	EndGlobalSection
	GlobalSection(ProjectConfigurationPlatforms) = postSolution
		{6E776075-5B8B-405A-B6D9-35AAE6321624}.Debug|Any CPU.ActiveCfg = Debug|Any CPU
		{6E776075-5B8B-405A-B6D9-35AAE6321624}.Debug|Any CPU.Build.0 = Debug|Any CPU
		{6E776075-5B8B-405A-B6D9-35AAE6321624}.Release|Any CPU.ActiveCfg = Release|Any CPU
		{6E776075-5B8B-405A-B6D9-35AAE6321624}.Release|Any CPU.Build.0 = Release|Any CPU
	EndGlobalSection
	GlobalSection(SolutionProperties) = preSolution
		HideSolutionNode = FALSE
	EndGlobalSection
	GlobalSection(ExtensibilityGlobals) = postSolution
		SolutionGuid = {54E4F5F5-A109-4464-B2C9-459A84242563}
	EndGlobalSection
EndGlobal
